// !$*UTF8*$!
{
	archiveVersion = 1;
	classes = {
	};
	objectVersion = 50;
	objects = {

/* Begin PBXBuildFile section */
		1407184B22FF5D430098285D /* ModalSheet.storyboard in Resources */ = {isa = PBXBuildFile; fileRef = 1407184A22FF5D430098285D /* ModalSheet.storyboard */; };
		1407184D22FF629D0098285D /* ModalSheetTabView.storyboard in Resources */ = {isa = PBXBuildFile; fileRef = 1407184C22FF629D0098285D /* ModalSheetTabView.storyboard */; };
		141106B9230742D500A8B936 /* ToolTip.storyboard in Resources */ = {isa = PBXBuildFile; fileRef = 141106B8230742D500A8B936 /* ToolTip.storyboard */; };
		1411BE902203D8FB009BEE1D /* AppDelegate.swift in Sources */ = {isa = PBXBuildFile; fileRef = 1411BE8F2203D8FB009BEE1D /* AppDelegate.swift */; };
		1411BEA922051B26009BEE1D /* AnalysisLogView.storyboard in Resources */ = {isa = PBXBuildFile; fileRef = 1411BEA822051B26009BEE1D /* AnalysisLogView.storyboard */; };
		1411BEAE220524E9009BEE1D /* EditorTools.storyboard in Resources */ = {isa = PBXBuildFile; fileRef = 1411BEAD220524E9009BEE1D /* EditorTools.storyboard */; };
		1411BEE322052B7E009BEE1D /* Main.storyboard in Resources */ = {isa = PBXBuildFile; fileRef = 1411BEE122052B7E009BEE1D /* Main.storyboard */; };
		1411BEE52208DDBE009BEE1D /* AnalysisViewController.swift in Sources */ = {isa = PBXBuildFile; fileRef = 1411BEE42208DDBE009BEE1D /* AnalysisViewController.swift */; };
		1411BEE82208FE91009BEE1D /* Tool.swift in Sources */ = {isa = PBXBuildFile; fileRef = 1411BEE62208FE91009BEE1D /* Tool.swift */; };
		1411BEE92208FE91009BEE1D /* Tool.xib in Resources */ = {isa = PBXBuildFile; fileRef = 1411BEE72208FE91009BEE1D /* Tool.xib */; };
		1411D1632305B18D00A8B936 /* ToolTipView.swift in Sources */ = {isa = PBXBuildFile; fileRef = 1411D1622305B18D00A8B936 /* ToolTipView.swift */; };
		141CAC602244B4E100B63DDD /* CenteringClipView.swift in Sources */ = {isa = PBXBuildFile; fileRef = 141CAC5F2244B4E100B63DDD /* CenteringClipView.swift */; };
		1435C6D122272B7B00A13AE0 /* CanvasToolView.swift in Sources */ = {isa = PBXBuildFile; fileRef = 1435C6D022272B7B00A13AE0 /* CanvasToolView.swift */; };
		144CC4AF220E4081003311E4 /* ImageLoader.swift in Sources */ = {isa = PBXBuildFile; fileRef = 144CC4AE220E4081003311E4 /* ImageLoader.swift */; };
		144CC4B52211F228003311E4 /* ToolObject.swift in Sources */ = {isa = PBXBuildFile; fileRef = 144CC4B42211F228003311E4 /* ToolObject.swift */; };
		144CC4BC2213CE8F003311E4 /* CanvasToolViewController.swift in Sources */ = {isa = PBXBuildFile; fileRef = 144CC4BA2213CE8F003311E4 /* CanvasToolViewController.swift */; };
		1452355B220CB79800A85186 /* CanvasView.swift in Sources */ = {isa = PBXBuildFile; fileRef = 1452355A220CB79800A85186 /* CanvasView.swift */; };
		1452355F220CCC5800A85186 /* Helpers.swift in Sources */ = {isa = PBXBuildFile; fileRef = 1452355E220CCC5800A85186 /* Helpers.swift */; };
		1452356B220CE9AC00A85186 /* Assets.xcassets in Resources */ = {isa = PBXBuildFile; fileRef = 1452356A220CE9AC00A85186 /* Assets.xcassets */; };
		14523574220E100B00A85186 /* ImageFile.swift in Sources */ = {isa = PBXBuildFile; fileRef = 14523573220E100B00A85186 /* ImageFile.swift */; };
		146F42D12344395B00547562 /* ReadDataViewController.swift in Sources */ = {isa = PBXBuildFile; fileRef = 146F42D02344395B00547562 /* ReadDataViewController.swift */; };
		14710521225DA67E00E88657 /* Loop.swift in Sources */ = {isa = PBXBuildFile; fileRef = 14710520225DA67D00E88657 /* Loop.swift */; };
		14710523225DA69500E88657 /* Connectable.swift in Sources */ = {isa = PBXBuildFile; fileRef = 14710522225DA69500E88657 /* Connectable.swift */; };
		147105252265437600E88657 /* Bootstrap.swift in Sources */ = {isa = PBXBuildFile; fileRef = 147105242265437600E88657 /* Bootstrap.swift */; };
		1471052A226CD75300E88657 /* ConnectorItem.swift in Sources */ = {isa = PBXBuildFile; fileRef = 14710528226CD75300E88657 /* ConnectorItem.swift */; };
		1471052B226CD75300E88657 /* ConnectorItem.xib in Resources */ = {isa = PBXBuildFile; fileRef = 14710529226CD75300E88657 /* ConnectorItem.xib */; };
		1471052D227B94E200E88657 /* ConnectorItemView.swift in Sources */ = {isa = PBXBuildFile; fileRef = 1471052C227B94E200E88657 /* ConnectorItemView.swift */; };
		1471052F2280E36D00E88657 /* Align.swift in Sources */ = {isa = PBXBuildFile; fileRef = 1471052E2280E36D00E88657 /* Align.swift */; };
		147105312280E52300E88657 /* ReadData.swift in Sources */ = {isa = PBXBuildFile; fileRef = 147105302280E52300E88657 /* ReadData.swift */; };
		147429D522C5B9CB00FF1963 /* InfoButton.swift in Sources */ = {isa = PBXBuildFile; fileRef = 147429D422C5B9CB00FF1963 /* InfoButton.swift */; };
		147429D722CADDF800FF1963 /* SheetViewController.swift in Sources */ = {isa = PBXBuildFile; fileRef = 147429D622CADDF800FF1963 /* SheetViewController.swift */; };
		147429D922CBA94C00FF1963 /* CanvasTool.storyboard in Resources */ = {isa = PBXBuildFile; fileRef = 147429D822CBA94C00FF1963 /* CanvasTool.storyboard */; };
		147429DB22CBC8C300FF1963 /* Storyboards.swift in Sources */ = {isa = PBXBuildFile; fileRef = 147429DA22CBC8C300FF1963 /* Storyboards.swift */; };
		147429DE22D154D200FF1963 /* ReadData.storyboard in Resources */ = {isa = PBXBuildFile; fileRef = 147429DD22D154D200FF1963 /* ReadData.storyboard */; };
		148D93C92335406D00FDFAFA /* Document.swift in Sources */ = {isa = PBXBuildFile; fileRef = 148D93C82335406C00FDFAFA /* Document.swift */; };
		149370432303545D00503CCB /* ToolTipViewController.swift in Sources */ = {isa = PBXBuildFile; fileRef = 149370422303545D00503CCB /* ToolTipViewController.swift */; };
		149C5FC52325A52D0060043E /* Tools.swift in Sources */ = {isa = PBXBuildFile; fileRef = 149C5FC42325A52D0060043E /* Tools.swift */; };
		149C5FC7232953610060043E /* Simulate.swift in Sources */ = {isa = PBXBuildFile; fileRef = 149C5FC6232953610060043E /* Simulate.swift */; };
		149C5FC92329538C0060043E /* TreeSet.swift in Sources */ = {isa = PBXBuildFile; fileRef = 149C5FC82329538C0060043E /* TreeSet.swift */; };
		149C5FCB232953A80060043E /* Model.swift in Sources */ = {isa = PBXBuildFile; fileRef = 149C5FCA232953A80060043E /* Model.swift */; };
		14A663BC23186CFE0034EA53 /* Notebook.storyboard in Resources */ = {isa = PBXBuildFile; fileRef = 14A663BB23186CFE0034EA53 /* Notebook.storyboard */; };
		14A663BE2319A0950034EA53 /* NotebookViewController.swift in Sources */ = {isa = PBXBuildFile; fileRef = 14A663BD2319A0950034EA53 /* NotebookViewController.swift */; };
		14A663C02319C54C0034EA53 /* NotebookWindowController.swift in Sources */ = {isa = PBXBuildFile; fileRef = 14A663BF2319C54C0034EA53 /* NotebookWindowController.swift */; };
		14B5852C225819F6003EB752 /* MainWindowController.swift in Sources */ = {isa = PBXBuildFile; fileRef = 14B5852A225819F6003EB752 /* MainWindowController.swift */; };
		14D6DDFD2216487300021607 /* NavigatorViewController.swift in Sources */ = {isa = PBXBuildFile; fileRef = 14D6DDFC2216487300021607 /* NavigatorViewController.swift */; };
		14D6DDFF22164A6E00021607 /* Analysis.swift in Sources */ = {isa = PBXBuildFile; fileRef = 14D6DDFE22164A6E00021607 /* Analysis.swift */; };
		14D6DE01221E484000021607 /* ControllerExtensions.swift in Sources */ = {isa = PBXBuildFile; fileRef = 14D6DE00221E484000021607 /* ControllerExtensions.swift */; };
		14D6DE03221F47CD00021607 /* MainSplitViewController.swift in Sources */ = {isa = PBXBuildFile; fileRef = 14D6DE02221F47CD00021607 /* MainSplitViewController.swift */; };
		14D6DE062220B50800021607 /* CanvasViewController.swift in Sources */ = {isa = PBXBuildFile; fileRef = 14D6DE042220B50800021607 /* CanvasViewController.swift */; };
		14E58526228C92AB00802691 /* ToolImageView.swift in Sources */ = {isa = PBXBuildFile; fileRef = 14E58525228C92AB00802691 /* ToolImageView.swift */; };
		14E58528228DF92F00802691 /* Notifications.swift in Sources */ = {isa = PBXBuildFile; fileRef = 14E58527228DF92F00802691 /* Notifications.swift */; };
		14E5856E22947BFB00802691 /* LineOverlay.swift in Sources */ = {isa = PBXBuildFile; fileRef = 14E5856D22947BFB00802691 /* LineOverlay.swift */; };
		14E5857222949A0900802691 /* ConnectionDragController.swift in Sources */ = {isa = PBXBuildFile; fileRef = 14E5857122949A0900802691 /* ConnectionDragController.swift */; };
		14E585742298574100802691 /* ArrowView.swift in Sources */ = {isa = PBXBuildFile; fileRef = 14E585732298574100802691 /* ArrowView.swift */; };
		14E585762298575C00802691 /* ArrowViewController.swift in Sources */ = {isa = PBXBuildFile; fileRef = 14E585752298575C00802691 /* ArrowViewController.swift */; };
		14E5857822A067A600802691 /* TransparentToolsView.swift in Sources */ = {isa = PBXBuildFile; fileRef = 14E5857722A067A600802691 /* TransparentToolsView.swift */; };
		14E5857A22A6F08C00802691 /* CanvasObjectViewController.swift in Sources */ = {isa = PBXBuildFile; fileRef = 14E5857922A6F08C00802691 /* CanvasObjectViewController.swift */; };
		14E5857C22A6F16300802691 /* CanvasObjectView.swift in Sources */ = {isa = PBXBuildFile; fileRef = 14E5857B22A6F16300802691 /* CanvasObjectView.swift */; };
		14E5857E22A8006F00802691 /* Connection.swift in Sources */ = {isa = PBXBuildFile; fileRef = 14E5857D22A8006F00802691 /* Connection.swift */; };
		14E5858122B0810B00802691 /* Connector.swift in Sources */ = {isa = PBXBuildFile; fileRef = 14E5858022B0810B00802691 /* Connector.swift */; };
		14EBB04923381FC70087CB27 /* DataSource.swift in Sources */ = {isa = PBXBuildFile; fileRef = 14EBB04823381FC70087CB27 /* DataSource.swift */; };
		14ECE4DF233BFE2300106EB4 /* aquabayes.icns in Resources */ = {isa = PBXBuildFile; fileRef = 14ECE4DE233BFE2300106EB4 /* aquabayes.icns */; };
/* End PBXBuildFile section */

/* Begin PBXFileReference section */
		1407184A22FF5D430098285D /* ModalSheet.storyboard */ = {isa = PBXFileReference; fileEncoding = 4; lastKnownFileType = file.storyboard; path = ModalSheet.storyboard; sourceTree = "<group>"; };
		1407184C22FF629D0098285D /* ModalSheetTabView.storyboard */ = {isa = PBXFileReference; fileEncoding = 4; lastKnownFileType = file.storyboard; path = ModalSheetTabView.storyboard; sourceTree = "<group>"; };
		141106B8230742D500A8B936 /* ToolTip.storyboard */ = {isa = PBXFileReference; fileEncoding = 4; lastKnownFileType = file.storyboard; path = ToolTip.storyboard; sourceTree = "<group>"; };
		1411BE8C2203D8FB009BEE1D /* macgui.app */ = {isa = PBXFileReference; explicitFileType = wrapper.application; includeInIndex = 0; path = macgui.app; sourceTree = BUILT_PRODUCTS_DIR; };
		1411BE8F2203D8FB009BEE1D /* AppDelegate.swift */ = {isa = PBXFileReference; lastKnownFileType = sourcecode.swift; path = AppDelegate.swift; sourceTree = "<group>"; };
		1411BE982203D8FC009BEE1D /* Info.plist */ = {isa = PBXFileReference; lastKnownFileType = text.plist.xml; path = Info.plist; sourceTree = "<group>"; };
		1411BEA822051B26009BEE1D /* AnalysisLogView.storyboard */ = {isa = PBXFileReference; fileEncoding = 4; lastKnownFileType = file.storyboard; path = AnalysisLogView.storyboard; sourceTree = "<group>"; };
		1411BEAD220524E9009BEE1D /* EditorTools.storyboard */ = {isa = PBXFileReference; fileEncoding = 4; lastKnownFileType = file.storyboard; path = EditorTools.storyboard; sourceTree = "<group>"; };
		1411BED722052A5E009BEE1D /* macgui.entitlements */ = {isa = PBXFileReference; fileEncoding = 4; lastKnownFileType = text.plist.entitlements; path = macgui.entitlements; sourceTree = "<group>"; };
		1411BEE122052B7E009BEE1D /* Main.storyboard */ = {isa = PBXFileReference; fileEncoding = 4; lastKnownFileType = file.storyboard; path = Main.storyboard; sourceTree = "<group>"; };
		1411BEE42208DDBE009BEE1D /* AnalysisViewController.swift */ = {isa = PBXFileReference; lastKnownFileType = sourcecode.swift; path = AnalysisViewController.swift; sourceTree = "<group>"; };
		1411BEE62208FE91009BEE1D /* Tool.swift */ = {isa = PBXFileReference; lastKnownFileType = sourcecode.swift; path = Tool.swift; sourceTree = "<group>"; };
		1411BEE72208FE91009BEE1D /* Tool.xib */ = {isa = PBXFileReference; lastKnownFileType = file.xib; path = Tool.xib; sourceTree = "<group>"; };
		1411D1622305B18D00A8B936 /* ToolTipView.swift */ = {isa = PBXFileReference; lastKnownFileType = sourcecode.swift; path = ToolTipView.swift; sourceTree = "<group>"; };
		141CAC5F2244B4E100B63DDD /* CenteringClipView.swift */ = {isa = PBXFileReference; fileEncoding = 4; lastKnownFileType = sourcecode.swift; path = CenteringClipView.swift; sourceTree = "<group>"; };
		1435C6D022272B7B00A13AE0 /* CanvasToolView.swift */ = {isa = PBXFileReference; lastKnownFileType = sourcecode.swift; path = CanvasToolView.swift; sourceTree = "<group>"; };
		144CC4AE220E4081003311E4 /* ImageLoader.swift */ = {isa = PBXFileReference; fileEncoding = 4; lastKnownFileType = sourcecode.swift; path = ImageLoader.swift; sourceTree = "<group>"; };
		144CC4B42211F228003311E4 /* ToolObject.swift */ = {isa = PBXFileReference; lastKnownFileType = sourcecode.swift; name = ToolObject.swift; path = "macgui/Model/Tool Model/ToolObject.swift"; sourceTree = SOURCE_ROOT; };
		144CC4BA2213CE8F003311E4 /* CanvasToolViewController.swift */ = {isa = PBXFileReference; lastKnownFileType = sourcecode.swift; path = CanvasToolViewController.swift; sourceTree = "<group>"; };
		1452355A220CB79800A85186 /* CanvasView.swift */ = {isa = PBXFileReference; lastKnownFileType = sourcecode.swift; path = CanvasView.swift; sourceTree = "<group>"; };
		1452355E220CCC5800A85186 /* Helpers.swift */ = {isa = PBXFileReference; lastKnownFileType = sourcecode.swift; path = Helpers.swift; sourceTree = "<group>"; };
		1452356A220CE9AC00A85186 /* Assets.xcassets */ = {isa = PBXFileReference; lastKnownFileType = folder.assetcatalog; path = Assets.xcassets; sourceTree = "<group>"; };
		14523573220E100B00A85186 /* ImageFile.swift */ = {isa = PBXFileReference; lastKnownFileType = sourcecode.swift; path = ImageFile.swift; sourceTree = "<group>"; };
		146F42D02344395B00547562 /* ReadDataViewController.swift */ = {isa = PBXFileReference; lastKnownFileType = sourcecode.swift; path = ReadDataViewController.swift; sourceTree = "<group>"; };
		14710520225DA67D00E88657 /* Loop.swift */ = {isa = PBXFileReference; lastKnownFileType = sourcecode.swift; path = Loop.swift; sourceTree = "<group>"; };
		14710522225DA69500E88657 /* Connectable.swift */ = {isa = PBXFileReference; lastKnownFileType = sourcecode.swift; path = Connectable.swift; sourceTree = "<group>"; };
		147105242265437600E88657 /* Bootstrap.swift */ = {isa = PBXFileReference; lastKnownFileType = sourcecode.swift; path = Bootstrap.swift; sourceTree = "<group>"; };
		14710528226CD75300E88657 /* ConnectorItem.swift */ = {isa = PBXFileReference; lastKnownFileType = sourcecode.swift; path = ConnectorItem.swift; sourceTree = "<group>"; };
		14710529226CD75300E88657 /* ConnectorItem.xib */ = {isa = PBXFileReference; lastKnownFileType = file.xib; path = ConnectorItem.xib; sourceTree = "<group>"; };
		1471052C227B94E200E88657 /* ConnectorItemView.swift */ = {isa = PBXFileReference; lastKnownFileType = sourcecode.swift; path = ConnectorItemView.swift; sourceTree = "<group>"; };
		1471052E2280E36D00E88657 /* Align.swift */ = {isa = PBXFileReference; lastKnownFileType = sourcecode.swift; path = Align.swift; sourceTree = "<group>"; };
		147105302280E52300E88657 /* ReadData.swift */ = {isa = PBXFileReference; lastKnownFileType = sourcecode.swift; path = ReadData.swift; sourceTree = "<group>"; };
		147429D422C5B9CB00FF1963 /* InfoButton.swift */ = {isa = PBXFileReference; lastKnownFileType = sourcecode.swift; name = InfoButton.swift; path = macgui/Controllers/InfoButton.swift; sourceTree = SOURCE_ROOT; };
		147429D622CADDF800FF1963 /* SheetViewController.swift */ = {isa = PBXFileReference; lastKnownFileType = sourcecode.swift; path = SheetViewController.swift; sourceTree = "<group>"; };
		147429D822CBA94C00FF1963 /* CanvasTool.storyboard */ = {isa = PBXFileReference; lastKnownFileType = file.storyboard; path = CanvasTool.storyboard; sourceTree = "<group>"; };
		147429DA22CBC8C300FF1963 /* Storyboards.swift */ = {isa = PBXFileReference; lastKnownFileType = sourcecode.swift; path = Storyboards.swift; sourceTree = "<group>"; };
		147429DD22D154D200FF1963 /* ReadData.storyboard */ = {isa = PBXFileReference; fileEncoding = 4; lastKnownFileType = file.storyboard; path = ReadData.storyboard; sourceTree = "<group>"; };
		148D93C82335406C00FDFAFA /* Document.swift */ = {isa = PBXFileReference; fileEncoding = 4; lastKnownFileType = sourcecode.swift; path = Document.swift; sourceTree = "<group>"; };
		149370422303545D00503CCB /* ToolTipViewController.swift */ = {isa = PBXFileReference; lastKnownFileType = sourcecode.swift; path = ToolTipViewController.swift; sourceTree = "<group>"; };
		149C5FC42325A52D0060043E /* Tools.swift */ = {isa = PBXFileReference; lastKnownFileType = sourcecode.swift; path = Tools.swift; sourceTree = "<group>"; };
		149C5FC6232953610060043E /* Simulate.swift */ = {isa = PBXFileReference; lastKnownFileType = sourcecode.swift; path = Simulate.swift; sourceTree = "<group>"; };
		149C5FC82329538C0060043E /* TreeSet.swift */ = {isa = PBXFileReference; lastKnownFileType = sourcecode.swift; path = TreeSet.swift; sourceTree = "<group>"; };
		149C5FCA232953A80060043E /* Model.swift */ = {isa = PBXFileReference; lastKnownFileType = sourcecode.swift; path = Model.swift; sourceTree = "<group>"; };
		14A663BB23186CFE0034EA53 /* Notebook.storyboard */ = {isa = PBXFileReference; fileEncoding = 4; lastKnownFileType = file.storyboard; path = Notebook.storyboard; sourceTree = "<group>"; };
		14A663BD2319A0950034EA53 /* NotebookViewController.swift */ = {isa = PBXFileReference; lastKnownFileType = sourcecode.swift; path = NotebookViewController.swift; sourceTree = "<group>"; };
		14A663BF2319C54C0034EA53 /* NotebookWindowController.swift */ = {isa = PBXFileReference; lastKnownFileType = sourcecode.swift; path = NotebookWindowController.swift; sourceTree = "<group>"; };
		14B5852A225819F6003EB752 /* MainWindowController.swift */ = {isa = PBXFileReference; lastKnownFileType = sourcecode.swift; path = MainWindowController.swift; sourceTree = "<group>"; };
		14D6DDFC2216487300021607 /* NavigatorViewController.swift */ = {isa = PBXFileReference; lastKnownFileType = sourcecode.swift; name = NavigatorViewController.swift; path = macgui/Controllers/NavigatorViewController.swift; sourceTree = SOURCE_ROOT; };
		14D6DDFE22164A6E00021607 /* Analysis.swift */ = {isa = PBXFileReference; lastKnownFileType = sourcecode.swift; path = Analysis.swift; sourceTree = "<group>"; };
		14D6DE00221E484000021607 /* ControllerExtensions.swift */ = {isa = PBXFileReference; lastKnownFileType = sourcecode.swift; path = ControllerExtensions.swift; sourceTree = "<group>"; };
		14D6DE02221F47CD00021607 /* MainSplitViewController.swift */ = {isa = PBXFileReference; lastKnownFileType = sourcecode.swift; path = MainSplitViewController.swift; sourceTree = "<group>"; };
		14D6DE042220B50800021607 /* CanvasViewController.swift */ = {isa = PBXFileReference; lastKnownFileType = sourcecode.swift; path = CanvasViewController.swift; sourceTree = "<group>"; };
		14E58525228C92AB00802691 /* ToolImageView.swift */ = {isa = PBXFileReference; lastKnownFileType = sourcecode.swift; path = ToolImageView.swift; sourceTree = "<group>"; };
		14E58527228DF92F00802691 /* Notifications.swift */ = {isa = PBXFileReference; lastKnownFileType = sourcecode.swift; path = Notifications.swift; sourceTree = "<group>"; };
		14E5856D22947BFB00802691 /* LineOverlay.swift */ = {isa = PBXFileReference; lastKnownFileType = sourcecode.swift; name = LineOverlay.swift; path = macgui/Views/LineOverlay.swift; sourceTree = SOURCE_ROOT; };
		14E5857122949A0900802691 /* ConnectionDragController.swift */ = {isa = PBXFileReference; lastKnownFileType = sourcecode.swift; path = ConnectionDragController.swift; sourceTree = "<group>"; };
		14E585732298574100802691 /* ArrowView.swift */ = {isa = PBXFileReference; lastKnownFileType = sourcecode.swift; path = ArrowView.swift; sourceTree = "<group>"; };
		14E585752298575C00802691 /* ArrowViewController.swift */ = {isa = PBXFileReference; lastKnownFileType = sourcecode.swift; path = ArrowViewController.swift; sourceTree = "<group>"; };
		14E5857722A067A600802691 /* TransparentToolsView.swift */ = {isa = PBXFileReference; lastKnownFileType = sourcecode.swift; path = TransparentToolsView.swift; sourceTree = "<group>"; };
		14E5857922A6F08C00802691 /* CanvasObjectViewController.swift */ = {isa = PBXFileReference; lastKnownFileType = sourcecode.swift; path = CanvasObjectViewController.swift; sourceTree = "<group>"; };
		14E5857B22A6F16300802691 /* CanvasObjectView.swift */ = {isa = PBXFileReference; lastKnownFileType = sourcecode.swift; path = CanvasObjectView.swift; sourceTree = "<group>"; };
		14E5857D22A8006F00802691 /* Connection.swift */ = {isa = PBXFileReference; lastKnownFileType = sourcecode.swift; path = Connection.swift; sourceTree = "<group>"; };
		14E5858022B0810B00802691 /* Connector.swift */ = {isa = PBXFileReference; lastKnownFileType = sourcecode.swift; path = Connector.swift; sourceTree = "<group>"; };
		14EBB04823381FC70087CB27 /* DataSource.swift */ = {isa = PBXFileReference; lastKnownFileType = sourcecode.swift; name = DataSource.swift; path = macgui/Model/DataSource.swift; sourceTree = SOURCE_ROOT; };
		14ECE4DE233BFE2300106EB4 /* aquabayes.icns */ = {isa = PBXFileReference; lastKnownFileType = image.icns; path = aquabayes.icns; sourceTree = "<group>"; };
/* End PBXFileReference section */

/* Begin PBXFrameworksBuildPhase section */
		1411BE892203D8FB009BEE1D /* Frameworks */ = {
			isa = PBXFrameworksBuildPhase;
			buildActionMask = 2147483647;
			files = (
			);
			runOnlyForDeploymentPostprocessing = 0;
		};
/* End PBXFrameworksBuildPhase section */

/* Begin PBXGroup section */
		1411BE832203D8FB009BEE1D = {
			isa = PBXGroup;
			children = (
				1411BE8E2203D8FB009BEE1D /* macgui */,
				1411BE8D2203D8FB009BEE1D /* Products */,
			);
			sourceTree = "<group>";
		};
		1411BE8D2203D8FB009BEE1D /* Products */ = {
			isa = PBXGroup;
			children = (
				1411BE8C2203D8FB009BEE1D /* macgui.app */,
			);
			name = Products;
			sourceTree = "<group>";
		};
		1411BE8E2203D8FB009BEE1D /* macgui */ = {
			isa = PBXGroup;
			children = (
				1452356A220CE9AC00A85186 /* Assets.xcassets */,
				1411BED722052A5E009BEE1D /* macgui.entitlements */,
				14523575220E101400A85186 /* Model */,
				1452356E220DF5C400A85186 /* Views */,
				1452356D220DF57800A85186 /* Controllers */,
				14E5857F22A8016200802691 /* ImageHandling */,
				1452356C220DF55C00A85186 /* Extensions */,
				1452356F220DF61600A85186 /* XIbs and Storyboards */,
				1411BE982203D8FC009BEE1D /* Info.plist */,
				14ECE4DE233BFE2300106EB4 /* aquabayes.icns */,
			);
			path = macgui;
			sourceTree = "<group>";
		};
		1452356C220DF55C00A85186 /* Extensions */ = {
			isa = PBXGroup;
			children = (
				1452355E220CCC5800A85186 /* Helpers.swift */,
				14E58527228DF92F00802691 /* Notifications.swift */,
				14D6DE00221E484000021607 /* ControllerExtensions.swift */,
				147429DA22CBC8C300FF1963 /* Storyboards.swift */,
				149C5FC42325A52D0060043E /* Tools.swift */,
			);
			path = Extensions;
			sourceTree = "<group>";
		};
		1452356D220DF57800A85186 /* Controllers */ = {
			isa = PBXGroup;
			children = (
				147429D622CADDF800FF1963 /* SheetViewController.swift */,
				146F42D22344396F00547562 /* ReadData */,
				1411BE8F2203D8FB009BEE1D /* AppDelegate.swift */,
				14B5852A225819F6003EB752 /* MainWindowController.swift */,
				14A663BF2319C54C0034EA53 /* NotebookWindowController.swift */,
				14A663BD2319A0950034EA53 /* NotebookViewController.swift */,
				14D6DE02221F47CD00021607 /* MainSplitViewController.swift */,
				14D6DDFC2216487300021607 /* NavigatorViewController.swift */,
				1411BEE42208DDBE009BEE1D /* AnalysisViewController.swift */,
				14D6DE042220B50800021607 /* CanvasViewController.swift */,
				147429D422C5B9CB00FF1963 /* InfoButton.swift */,
				14E5857922A6F08C00802691 /* CanvasObjectViewController.swift */,
				14E585752298575C00802691 /* ArrowViewController.swift */,
				144CC4BA2213CE8F003311E4 /* CanvasToolViewController.swift */,
				14E5857122949A0900802691 /* ConnectionDragController.swift */,
				14710528226CD75300E88657 /* ConnectorItem.swift */,
				1411BEE62208FE91009BEE1D /* Tool.swift */,
				149370422303545D00503CCB /* ToolTipViewController.swift */,
			);
			path = Controllers;
			sourceTree = "<group>";
		};
		1452356E220DF5C400A85186 /* Views */ = {
			isa = PBXGroup;
			children = (
				1411D1622305B18D00A8B936 /* ToolTipView.swift */,
				14E5857B22A6F16300802691 /* CanvasObjectView.swift */,
				14E585732298574100802691 /* ArrowView.swift */,
				1435C6D022272B7B00A13AE0 /* CanvasToolView.swift */,
				14E5857722A067A600802691 /* TransparentToolsView.swift */,
				141CAC5F2244B4E100B63DDD /* CenteringClipView.swift */,
				1452355A220CB79800A85186 /* CanvasView.swift */,
				1471052C227B94E200E88657 /* ConnectorItemView.swift */,
				14E58525228C92AB00802691 /* ToolImageView.swift */,
				14E5856D22947BFB00802691 /* LineOverlay.swift */,
			);
			path = Views;
			sourceTree = "<group>";
		};
		1452356F220DF61600A85186 /* XIbs and Storyboards */ = {
			isa = PBXGroup;
			children = (
				1411BEE122052B7E009BEE1D /* Main.storyboard */,
				14A663BB23186CFE0034EA53 /* Notebook.storyboard */,
				1411BEAD220524E9009BEE1D /* EditorTools.storyboard */,
				1411BEA822051B26009BEE1D /* AnalysisLogView.storyboard */,
				1411BEE72208FE91009BEE1D /* Tool.xib */,
				147429D822CBA94C00FF1963 /* CanvasTool.storyboard */,
				141106B8230742D500A8B936 /* ToolTip.storyboard */,
				1407184C22FF629D0098285D /* ModalSheetTabView.storyboard */,
				1407184A22FF5D430098285D /* ModalSheet.storyboard */,
				147429DD22D154D200FF1963 /* ReadData.storyboard */,
				14710529226CD75300E88657 /* ConnectorItem.xib */,
			);
			path = "XIbs and Storyboards";
			sourceTree = "<group>";
		};
		14523575220E101400A85186 /* Model */ = {
			isa = PBXGroup;
			children = (
				148D93C82335406C00FDFAFA /* Document.swift */,
				14EBB04823381FC70087CB27 /* DataSource.swift */,
				14D6DDFE22164A6E00021607 /* Analysis.swift */,
				14E5858022B0810B00802691 /* Connector.swift */,
				14E5857D22A8006F00802691 /* Connection.swift */,
				1471051F225DA5C800E88657 /* Tool Model */,
			);
			path = Model;
			sourceTree = "<group>";
		};
		146F42D22344396F00547562 /* ReadData */ = {
			isa = PBXGroup;
			children = (
				146F42D02344395B00547562 /* ReadDataViewController.swift */,
			);
			path = ReadData;
			sourceTree = "<group>";
		};
		1471051F225DA5C800E88657 /* Tool Model */ = {
			isa = PBXGroup;
			children = (
				144CC4B42211F228003311E4 /* ToolObject.swift */,
				14710522225DA69500E88657 /* Connectable.swift */,
				147105322280ED9D00E88657 /* Connectables */,
				14710520225DA67D00E88657 /* Loop.swift */,
			);
			path = "Tool Model";
			sourceTree = "<group>";
		};
		147105322280ED9D00E88657 /* Connectables */ = {
			isa = PBXGroup;
			children = (
				1471052E2280E36D00E88657 /* Align.swift */,
				149C5FC6232953610060043E /* Simulate.swift */,
				149C5FCA232953A80060043E /* Model.swift */,
				149C5FC82329538C0060043E /* TreeSet.swift */,
				147105242265437600E88657 /* Bootstrap.swift */,
				147105302280E52300E88657 /* ReadData.swift */,
			);
			path = Connectables;
			sourceTree = "<group>";
		};
		14E5857F22A8016200802691 /* ImageHandling */ = {
			isa = PBXGroup;
			children = (
				144CC4AE220E4081003311E4 /* ImageLoader.swift */,
				14523573220E100B00A85186 /* ImageFile.swift */,
			);
			path = ImageHandling;
			sourceTree = "<group>";
		};
/* End PBXGroup section */

/* Begin PBXNativeTarget section */
		1411BE8B2203D8FB009BEE1D /* macgui */ = {
			isa = PBXNativeTarget;
			buildConfigurationList = 1411BE9C2203D8FC009BEE1D /* Build configuration list for PBXNativeTarget "macgui" */;
			buildPhases = (
				1411BE882203D8FB009BEE1D /* Sources */,
				1411BE892203D8FB009BEE1D /* Frameworks */,
				1411BE8A2203D8FB009BEE1D /* Resources */,
			);
			buildRules = (
			);
			dependencies = (
			);
			name = macgui;
			productName = macgui;
			productReference = 1411BE8C2203D8FB009BEE1D /* macgui.app */;
			productType = "com.apple.product-type.application";
		};
/* End PBXNativeTarget section */

/* Begin PBXProject section */
		1411BE842203D8FB009BEE1D /* Project object */ = {
			isa = PBXProject;
			attributes = {
				LastSwiftUpdateCheck = 1010;
				LastUpgradeCheck = 1100;
				ORGANIZATIONNAME = "Svetlana Krasikova";
				TargetAttributes = {
					1411BE8B2203D8FB009BEE1D = {
						CreatedOnToolsVersion = 10.1;
						LastSwiftMigration = 1030;
					};
				};
			};
			buildConfigurationList = 1411BE872203D8FB009BEE1D /* Build configuration list for PBXProject "macgui" */;
			compatibilityVersion = "Xcode 9.3";
			developmentRegion = en;
			hasScannedForEncodings = 0;
			knownRegions = (
				en,
				Base,
			);
			mainGroup = 1411BE832203D8FB009BEE1D;
			productRefGroup = 1411BE8D2203D8FB009BEE1D /* Products */;
			projectDirPath = "";
			projectRoot = "";
			targets = (
				1411BE8B2203D8FB009BEE1D /* macgui */,
			);
		};
/* End PBXProject section */

/* Begin PBXResourcesBuildPhase section */
		1411BE8A2203D8FB009BEE1D /* Resources */ = {
			isa = PBXResourcesBuildPhase;
			buildActionMask = 2147483647;
			files = (
				141106B9230742D500A8B936 /* ToolTip.storyboard in Resources */,
				1411BEE92208FE91009BEE1D /* Tool.xib in Resources */,
				1411BEE322052B7E009BEE1D /* Main.storyboard in Resources */,
				1411BEAE220524E9009BEE1D /* EditorTools.storyboard in Resources */,
				147429DE22D154D200FF1963 /* ReadData.storyboard in Resources */,
				1471052B226CD75300E88657 /* ConnectorItem.xib in Resources */,
				1411BEA922051B26009BEE1D /* AnalysisLogView.storyboard in Resources */,
				1407184B22FF5D430098285D /* ModalSheet.storyboard in Resources */,
				1452356B220CE9AC00A85186 /* Assets.xcassets in Resources */,
				14A663BC23186CFE0034EA53 /* Notebook.storyboard in Resources */,
				14ECE4DF233BFE2300106EB4 /* aquabayes.icns in Resources */,
				147429D922CBA94C00FF1963 /* CanvasTool.storyboard in Resources */,
				1407184D22FF629D0098285D /* ModalSheetTabView.storyboard in Resources */,
			);
			runOnlyForDeploymentPostprocessing = 0;
		};
/* End PBXResourcesBuildPhase section */

/* Begin PBXSourcesBuildPhase section */
		1411BE882203D8FB009BEE1D /* Sources */ = {
			isa = PBXSourcesBuildPhase;
			buildActionMask = 2147483647;
			files = (
				149370432303545D00503CCB /* ToolTipViewController.swift in Sources */,
				149C5FC92329538C0060043E /* TreeSet.swift in Sources */,
				14E585762298575C00802691 /* ArrowViewController.swift in Sources */,
				149C5FCB232953A80060043E /* Model.swift in Sources */,
				1471052F2280E36D00E88657 /* Align.swift in Sources */,
				144CC4B52211F228003311E4 /* ToolObject.swift in Sources */,
				14D6DDFF22164A6E00021607 /* Analysis.swift in Sources */,
				14EBB04923381FC70087CB27 /* DataSource.swift in Sources */,
				144CC4BC2213CE8F003311E4 /* CanvasToolViewController.swift in Sources */,
				148D93C92335406D00FDFAFA /* Document.swift in Sources */,
				1435C6D122272B7B00A13AE0 /* CanvasToolView.swift in Sources */,
				149C5FC52325A52D0060043E /* Tools.swift in Sources */,
				14E5857C22A6F16300802691 /* CanvasObjectView.swift in Sources */,
				147105252265437600E88657 /* Bootstrap.swift in Sources */,
				141CAC602244B4E100B63DDD /* CenteringClipView.swift in Sources */,
				14A663C02319C54C0034EA53 /* NotebookWindowController.swift in Sources */,
				14A663BE2319A0950034EA53 /* NotebookViewController.swift in Sources */,
				14E585742298574100802691 /* ArrowView.swift in Sources */,
				14D6DE062220B50800021607 /* CanvasViewController.swift in Sources */,
				149C5FC7232953610060043E /* Simulate.swift in Sources */,
				14E5857E22A8006F00802691 /* Connection.swift in Sources */,
				1452355F220CCC5800A85186 /* Helpers.swift in Sources */,
				14D6DDFD2216487300021607 /* NavigatorViewController.swift in Sources */,
				14E5856E22947BFB00802691 /* LineOverlay.swift in Sources */,
				147429D722CADDF800FF1963 /* SheetViewController.swift in Sources */,
				14E5857222949A0900802691 /* ConnectionDragController.swift in Sources */,
				146F42D12344395B00547562 /* ReadDataViewController.swift in Sources */,
				1411BE902203D8FB009BEE1D /* AppDelegate.swift in Sources */,
				14B5852C225819F6003EB752 /* MainWindowController.swift in Sources */,
				1452355B220CB79800A85186 /* CanvasView.swift in Sources */,
				1411D1632305B18D00A8B936 /* ToolTipView.swift in Sources */,
				1411BEE52208DDBE009BEE1D /* AnalysisViewController.swift in Sources */,
				1471052D227B94E200E88657 /* ConnectorItemView.swift in Sources */,
				147105312280E52300E88657 /* ReadData.swift in Sources */,
				144CC4AF220E4081003311E4 /* ImageLoader.swift in Sources */,
				14D6DE03221F47CD00021607 /* MainSplitViewController.swift in Sources */,
				14E58528228DF92F00802691 /* Notifications.swift in Sources */,
				147429DB22CBC8C300FF1963 /* Storyboards.swift in Sources */,
				14523574220E100B00A85186 /* ImageFile.swift in Sources */,
				14710521225DA67E00E88657 /* Loop.swift in Sources */,
				1411BEE82208FE91009BEE1D /* Tool.swift in Sources */,
				14E5857A22A6F08C00802691 /* CanvasObjectViewController.swift in Sources */,
				1471052A226CD75300E88657 /* ConnectorItem.swift in Sources */,
				14E5858122B0810B00802691 /* Connector.swift in Sources */,
				14D6DE01221E484000021607 /* ControllerExtensions.swift in Sources */,
				14710523225DA69500E88657 /* Connectable.swift in Sources */,
				14E58526228C92AB00802691 /* ToolImageView.swift in Sources */,
				14E5857822A067A600802691 /* TransparentToolsView.swift in Sources */,
				147429D522C5B9CB00FF1963 /* InfoButton.swift in Sources */,
			);
			runOnlyForDeploymentPostprocessing = 0;
		};
/* End PBXSourcesBuildPhase section */

/* Begin XCBuildConfiguration section */
		1411BE9A2203D8FC009BEE1D /* Debug */ = {
			isa = XCBuildConfiguration;
			buildSettings = {
				ALWAYS_SEARCH_USER_PATHS = NO;
				CLANG_ANALYZER_NONNULL = YES;
				CLANG_ANALYZER_NUMBER_OBJECT_CONVERSION = YES_AGGRESSIVE;
				CLANG_CXX_LANGUAGE_STANDARD = "gnu++14";
				CLANG_CXX_LIBRARY = "libc++";
				CLANG_ENABLE_MODULES = YES;
				CLANG_ENABLE_OBJC_ARC = YES;
				CLANG_ENABLE_OBJC_WEAK = YES;
				CLANG_WARN_BLOCK_CAPTURE_AUTORELEASING = YES;
				CLANG_WARN_BOOL_CONVERSION = YES;
				CLANG_WARN_COMMA = YES;
				CLANG_WARN_CONSTANT_CONVERSION = YES;
				CLANG_WARN_DEPRECATED_OBJC_IMPLEMENTATIONS = YES;
				CLANG_WARN_DIRECT_OBJC_ISA_USAGE = YES_ERROR;
				CLANG_WARN_DOCUMENTATION_COMMENTS = YES;
				CLANG_WARN_EMPTY_BODY = YES;
				CLANG_WARN_ENUM_CONVERSION = YES;
				CLANG_WARN_INFINITE_RECURSION = YES;
				CLANG_WARN_INT_CONVERSION = YES;
				CLANG_WARN_NON_LITERAL_NULL_CONVERSION = YES;
				CLANG_WARN_OBJC_IMPLICIT_RETAIN_SELF = YES;
				CLANG_WARN_OBJC_LITERAL_CONVERSION = YES;
				CLANG_WARN_OBJC_ROOT_CLASS = YES_ERROR;
				CLANG_WARN_RANGE_LOOP_ANALYSIS = YES;
				CLANG_WARN_STRICT_PROTOTYPES = YES;
				CLANG_WARN_SUSPICIOUS_MOVE = YES;
				CLANG_WARN_UNGUARDED_AVAILABILITY = YES_AGGRESSIVE;
				CLANG_WARN_UNREACHABLE_CODE = YES;
				CLANG_WARN__DUPLICATE_METHOD_MATCH = YES;
				CODE_SIGN_IDENTITY = "Mac Developer";
				COPY_PHASE_STRIP = NO;
				DEBUG_INFORMATION_FORMAT = dwarf;
				ENABLE_STRICT_OBJC_MSGSEND = YES;
				ENABLE_TESTABILITY = YES;
				GCC_C_LANGUAGE_STANDARD = gnu11;
				GCC_DYNAMIC_NO_PIC = NO;
				GCC_NO_COMMON_BLOCKS = YES;
				GCC_OPTIMIZATION_LEVEL = 0;
				GCC_PREPROCESSOR_DEFINITIONS = (
					"DEBUG=1",
					"$(inherited)",
				);
				GCC_WARN_64_TO_32_BIT_CONVERSION = YES;
				GCC_WARN_ABOUT_RETURN_TYPE = YES_ERROR;
				GCC_WARN_UNDECLARED_SELECTOR = YES;
				GCC_WARN_UNINITIALIZED_AUTOS = YES_AGGRESSIVE;
				GCC_WARN_UNUSED_FUNCTION = YES;
				GCC_WARN_UNUSED_VARIABLE = YES;
				MACOSX_DEPLOYMENT_TARGET = 10.13;
				MTL_ENABLE_DEBUG_INFO = INCLUDE_SOURCE;
				MTL_FAST_MATH = YES;
				ONLY_ACTIVE_ARCH = YES;
				SDKROOT = macosx;
				SWIFT_ACTIVE_COMPILATION_CONDITIONS = DEBUG;
				SWIFT_OPTIMIZATION_LEVEL = "-Onone";
			};
			name = Debug;
		};
		1411BE9B2203D8FC009BEE1D /* Release */ = {
			isa = XCBuildConfiguration;
			buildSettings = {
				ALWAYS_SEARCH_USER_PATHS = NO;
				CLANG_ANALYZER_NONNULL = YES;
				CLANG_ANALYZER_NUMBER_OBJECT_CONVERSION = YES_AGGRESSIVE;
				CLANG_CXX_LANGUAGE_STANDARD = "gnu++14";
				CLANG_CXX_LIBRARY = "libc++";
				CLANG_ENABLE_MODULES = YES;
				CLANG_ENABLE_OBJC_ARC = YES;
				CLANG_ENABLE_OBJC_WEAK = YES;
				CLANG_WARN_BLOCK_CAPTURE_AUTORELEASING = YES;
				CLANG_WARN_BOOL_CONVERSION = YES;
				CLANG_WARN_COMMA = YES;
				CLANG_WARN_CONSTANT_CONVERSION = YES;
				CLANG_WARN_DEPRECATED_OBJC_IMPLEMENTATIONS = YES;
				CLANG_WARN_DIRECT_OBJC_ISA_USAGE = YES_ERROR;
				CLANG_WARN_DOCUMENTATION_COMMENTS = YES;
				CLANG_WARN_EMPTY_BODY = YES;
				CLANG_WARN_ENUM_CONVERSION = YES;
				CLANG_WARN_INFINITE_RECURSION = YES;
				CLANG_WARN_INT_CONVERSION = YES;
				CLANG_WARN_NON_LITERAL_NULL_CONVERSION = YES;
				CLANG_WARN_OBJC_IMPLICIT_RETAIN_SELF = YES;
				CLANG_WARN_OBJC_LITERAL_CONVERSION = YES;
				CLANG_WARN_OBJC_ROOT_CLASS = YES_ERROR;
				CLANG_WARN_RANGE_LOOP_ANALYSIS = YES;
				CLANG_WARN_STRICT_PROTOTYPES = YES;
				CLANG_WARN_SUSPICIOUS_MOVE = YES;
				CLANG_WARN_UNGUARDED_AVAILABILITY = YES_AGGRESSIVE;
				CLANG_WARN_UNREACHABLE_CODE = YES;
				CLANG_WARN__DUPLICATE_METHOD_MATCH = YES;
				CODE_SIGN_IDENTITY = "Mac Developer";
				COPY_PHASE_STRIP = NO;
				DEBUG_INFORMATION_FORMAT = "dwarf-with-dsym";
				ENABLE_NS_ASSERTIONS = NO;
				ENABLE_STRICT_OBJC_MSGSEND = YES;
				GCC_C_LANGUAGE_STANDARD = gnu11;
				GCC_NO_COMMON_BLOCKS = YES;
				GCC_WARN_64_TO_32_BIT_CONVERSION = YES;
				GCC_WARN_ABOUT_RETURN_TYPE = YES_ERROR;
				GCC_WARN_UNDECLARED_SELECTOR = YES;
				GCC_WARN_UNINITIALIZED_AUTOS = YES_AGGRESSIVE;
				GCC_WARN_UNUSED_FUNCTION = YES;
				GCC_WARN_UNUSED_VARIABLE = YES;
				MACOSX_DEPLOYMENT_TARGET = 10.13;
				MTL_ENABLE_DEBUG_INFO = NO;
				MTL_FAST_MATH = YES;
				SDKROOT = macosx;
				SWIFT_COMPILATION_MODE = wholemodule;
				SWIFT_OPTIMIZATION_LEVEL = "-O";
			};
			name = Release;
		};
		1411BE9D2203D8FC009BEE1D /* Debug */ = {
			isa = XCBuildConfiguration;
			buildSettings = {
				ASSETCATALOG_COMPILER_APPICON_NAME = AppIcon;
				CODE_SIGN_ENTITLEMENTS = macgui/macgui.entitlements;
				CODE_SIGN_IDENTITY = "-";
				CODE_SIGN_STYLE = Automatic;
				COMBINE_HIDPI_IMAGES = YES;
				DEVELOPMENT_TEAM = P3X4F8B2U7;
				INFOPLIST_FILE = macgui/Info.plist;
				LD_RUNPATH_SEARCH_PATHS = (
					"$(inherited)",
					"@executable_path/../Frameworks",
				);
				PRODUCT_BUNDLE_IDENTIFIER = ucb.macgui;
				PRODUCT_NAME = "$(TARGET_NAME)";
				SWIFT_VERSION = 5.0;
			};
			name = Debug;
		};
		1411BE9E2203D8FC009BEE1D /* Release */ = {
			isa = XCBuildConfiguration;
			buildSettings = {
				ASSETCATALOG_COMPILER_APPICON_NAME = AppIcon;
				CODE_SIGN_ENTITLEMENTS = macgui/macgui.entitlements;
				CODE_SIGN_IDENTITY = "-";
				CODE_SIGN_STYLE = Automatic;
				COMBINE_HIDPI_IMAGES = YES;
				DEVELOPMENT_TEAM = P3X4F8B2U7;
				INFOPLIST_FILE = macgui/Info.plist;
				LD_RUNPATH_SEARCH_PATHS = (
					"$(inherited)",
					"@executable_path/../Frameworks",
				);
				PRODUCT_BUNDLE_IDENTIFIER = ucb.macgui;
				PRODUCT_NAME = "$(TARGET_NAME)";
				SWIFT_VERSION = 5.0;
			};
			name = Release;
		};
/* End XCBuildConfiguration section */

/* Begin XCConfigurationList section */
		1411BE872203D8FB009BEE1D /* Build configuration list for PBXProject "macgui" */ = {
			isa = XCConfigurationList;
			buildConfigurations = (
				1411BE9A2203D8FC009BEE1D /* Debug */,
				1411BE9B2203D8FC009BEE1D /* Release */,
			);
			defaultConfigurationIsVisible = 0;
			defaultConfigurationName = Release;
		};
		1411BE9C2203D8FC009BEE1D /* Build configuration list for PBXNativeTarget "macgui" */ = {
			isa = XCConfigurationList;
			buildConfigurations = (
				1411BE9D2203D8FC009BEE1D /* Debug */,
				1411BE9E2203D8FC009BEE1D /* Release */,
			);
			defaultConfigurationIsVisible = 0;
			defaultConfigurationName = Release;
		};
/* End XCConfigurationList section */
	};
	rootObject = 1411BE842203D8FB009BEE1D /* Project object */;
}
